# THIS IS AN AUTOGENERATED FILE. DO NOT EDIT THIS FILE DIRECTLY.
# yarn lockfile v1


detect-gpu@5.0.24:
  version "5.0.24"
  resolved "https://registry.yarnpkg.com/detect-gpu/-/detect-gpu-5.0.24.tgz#3a8c6dbcb0395c82da1eff3c3ae9ea1dd37c89e9"
  integrity sha512-cI+WJujCzsJDlYKhcildTtG7YZmWsvMSFH6+gnozHp/R+Wr/WtR361e2PFQ3oDLo8Ek2xy5Buaiv2ucAI2D1qg==
  dependencies:
    webgl-constants "^1.1.1"

webgl-constants@^1.1.1:
  version "1.1.1"
  resolved "https://registry.yarnpkg.com/webgl-constants/-/webgl-constants-1.1.1.tgz#f9633ee87fea56647a60b9ce735cbdfb891c6855"
  integrity sha512-LkBXKjU5r9vAW7Gcu3T5u+5cvSvh5WwINdr0C+9jpzVB41cjQAP5ePArDtk/WHYdVj0GefCgM73BA7FlIiNtdg==
