# THIS IS AN AUTOGENERATED FILE. DO NOT EDIT THIS FILE DIRECTLY.
# yarn lockfile v1


detect-gpu@5.0.23:
  version "5.0.23"
  resolved "https://registry.yarnpkg.com/detect-gpu/-/detect-gpu-5.0.23.tgz#b1a36f24ce0e15c33bc2dcf08ab21b1a6f4b973b"
  integrity sha512-16bbvNSuGxlznAj7XNW8/7M/EtPuWoSGk1X1EJCipQ/F5JQK6tWMdU2xVInXGTRUMKmsDtZg+trnZ/bj0Vt/EA==
  dependencies:
    webgl-constants "^1.1.1"

webgl-constants@^1.1.1:
  version "1.1.1"
  resolved "https://registry.yarnpkg.com/webgl-constants/-/webgl-constants-1.1.1.tgz#f9633ee87fea56647a60b9ce735cbdfb891c6855"
  integrity sha512-LkBXKjU5r9vAW7Gcu3T5u+5cvSvh5WwINdr0C+9jpzVB41cjQAP5ePArDtk/WHYdVj0GefCgM73BA7FlIiNtdg==
